
Microsoft Visual Studio Solution File, Format Version 12.00
# Visual Studio Version 16
VisualStudioVersion = 16.0.30114.105
MinimumVisualStudioVersion = 10.0.40219.1
Project("{8BC9CEB8-8B4A-11D0-8D11-00A0C91BC942}") = "TEST", "TEST\TEST.vcxproj", "{186751B8-A023-4035-A39B-4720F762485C}"
EndProject
Global
	GlobalSection(SolutionConfigurationPlatforms) = preSolution
		Debug|x64 = Debug|x64
		Debug|x86 = Debug|x86
		Release|x64 = Release|x64
		Release|x86 = Release|x86
	EndGlobalSection
	GlobalSection(ProjectConfigurationPlatforms) = postSolution
		{186751B8-A023-4035-A39B-4720F762485C}.Debug|x64.ActiveCfg = Debug|x64
		{186751B8-A023-4035-A39B-4720F762485C}.Debug|x64.Build.0 = Debug|x64
		{186751B8-A023-4035-A39B-4720F762485C}.Debug|x86.ActiveCfg = Debug|Win32
		{186751B8-A023-4035-A39B-4720F762485C}.Debug|x86.Build.0 = Debug|Win32
		{186751B8-A023-4035-A39B-4720F762485C}.Release|x64.ActiveCfg = Release|x64
		{186751B8-A023-4035-A39B-4720F762485C}.Release|x64.Build.0 = Release|x64
		{186751B8-A023-4035-A39B-4720F762485C}.Release|x86.ActiveCfg = Release|Win32
		{186751B8-A023-4035-A39B-4720F762485C}.Release|x86.Build.0 = Release|Win32
	EndGlobalSection
	GlobalSection(SolutionProperties) = preSolution
		HideSolutionNode = FALSE
	EndGlobalSection
	GlobalSection(ExtensibilityGlobals) = postSolution
		SolutionGuid = {CE75EF9E-DDA8-4586-AA98-FA0749666893}
	EndGlobalSection
EndGlobal
