<?xml version="1.0" encoding="utf-8"?>
<Project ToolsVersion="4.0" xmlns="http://schemas.microsoft.com/developer/msbuild/2003">
  <ItemGroup>
    <Filter Include="소스 파일">
      <UniqueIdentifier>{4FC737F1-C7A5-4376-A066-2A32D752A2FF}</UniqueIdentifier>
      <Extensions>cpp;c;cc;cxx;c++;cppm;ixx;def;odl;idl;hpj;bat;asm;asmx</Extensions>
    </Filter>
    <Filter Include="헤더 파일">
      <UniqueIdentifier>{93995380-89BD-4b04-88EB-625FBE52EBFB}</UniqueIdentifier>
      <Extensions>h;hh;hpp;hxx;h++;hm;inl;inc;ipp;xsd</Extensions>
    </Filter>
    <Filter Include="리소스 파일">
      <UniqueIdentifier>{67DA6AB6-F800-4c08-8B7A-83BB121AAD01}</UniqueIdentifier>
      <Extensions>rc;ico;cur;bmp;dlg;rc2;rct;bin;rgs;gif;jpg;jpeg;jpe;resx;tiff;tif;png;wav;mfcribbon-ms</Extensions>
    </Filter>
    <Filter Include="소스 파일\ctor">
      <UniqueIdentifier>{b6d5ebf6-49f5-45a2-b3a8-5da512e8a552}</UniqueIdentifier>
    </Filter>
    <Filter Include="소스 파일\preprocessor">
      <UniqueIdentifier>{62653da3-d538-4710-babf-c2b7ddcfaaa6}</UniqueIdentifier>
    </Filter>
    <Filter Include="헤더 파일\preprocessor">
      <UniqueIdentifier>{0d8d3d60-79a9-47d7-a4c6-b88dcb8b5e38}</UniqueIdentifier>
    </Filter>
    <Filter Include="소스 파일\Array">
      <UniqueIdentifier>{e87191a7-8d96-4a3c-822e-baa3c42e8ed0}</UniqueIdentifier>
    </Filter>
    <Filter Include="소스 파일\class">
      <UniqueIdentifier>{fd648cfc-180a-4af0-8c6c-1fd597c605fe}</UniqueIdentifier>
    </Filter>
    <Filter Include="소스 파일\struct">
      <UniqueIdentifier>{14617e34-2002-44af-9b0c-18c13d492d25}</UniqueIdentifier>
    </Filter>
    <Filter Include="소스 파일\SmartPointer">
      <UniqueIdentifier>{c66da0a4-ffb4-494d-b28d-8353ae9c5169}</UniqueIdentifier>
    </Filter>
    <Filter Include="소스 파일\vector">
      <UniqueIdentifier>{a37ce6fb-49c5-4350-9b30-28e9293b2961}</UniqueIdentifier>
    </Filter>
    <Filter Include="소스 파일\random">
      <UniqueIdentifier>{f57cf169-2f73-48c6-a290-74d8ecd78234}</UniqueIdentifier>
    </Filter>
    <Filter Include="소스 파일\SmartPointer\Samples">
      <UniqueIdentifier>{f2b61fcd-244d-473d-81d2-93f1b4d5cec1}</UniqueIdentifier>
    </Filter>
  </ItemGroup>
  <ItemGroup>
    <ClCompile Include="copyNmoveCtor.cpp">
      <Filter>소스 파일\ctor</Filter>
    </ClCompile>
    <ClCompile Include="preprocessor.cpp">
      <Filter>소스 파일\preprocessor</Filter>
    </ClCompile>
    <ClCompile Include="MobilePhone.cpp">
      <Filter>소스 파일\preprocessor</Filter>
    </ClCompile>
    <ClCompile Include="Array.cpp">
      <Filter>소스 파일\Array</Filter>
    </ClCompile>
    <ClCompile Include="ObjectVSClass.cpp">
      <Filter>소스 파일\class</Filter>
    </ClCompile>
    <ClCompile Include="StructVSClass.cpp">
      <Filter>소스 파일\struct</Filter>
    </ClCompile>
    <ClCompile Include="ArrayAccess.cpp">
      <Filter>소스 파일\Array</Filter>
    </ClCompile>
    <ClCompile Include="listVSVector.cpp">
      <Filter>소스 파일\vector</Filter>
    </ClCompile>
    <ClCompile Include="Vector.cpp">
      <Filter>소스 파일\vector</Filter>
    </ClCompile>
    <ClCompile Include="random_uniform_distribution.cpp">
      <Filter>소스 파일\random</Filter>
    </ClCompile>
    <ClCompile Include="shared_ptr01.cpp">
      <Filter>소스 파일\SmartPointer\Samples</Filter>
    </ClCompile>
    <ClCompile Include="unique_ptr.cpp">
      <Filter>소스 파일\SmartPointer</Filter>
    </ClCompile>
    <ClCompile Include="shared_ptr.cpp">
      <Filter>소스 파일\SmartPointer</Filter>
    </ClCompile>
    <ClCompile Include="weak_ptr.cpp">
      <Filter>소스 파일\SmartPointer</Filter>
    </ClCompile>
    <ClCompile Include="dequeVSVector.cpp">
      <Filter>소스 파일\vector</Filter>
    </ClCompile>
  </ItemGroup>
  <ItemGroup>
    <ClInclude Include="MobilePhone.h">
      <Filter>헤더 파일\preprocessor</Filter>
    </ClInclude>
  </ItemGroup>
</Project>